lockfileVersion: 5.3

specifiers:
  '@rush-temp/a': file:./projects/a.tgz
  '@rush-temp/b': file:./projects/b.tgz

dependencies:
  '@rush-temp/a': file:projects/a.tgz
  '@rush-temp/b': file:projects/b.tgz

packages:

  file:projects/a.tgz:
    resolution: {integrity: sha512-bLKoiyJmWt0ssoRDzGkT/T+HIx0qx4T2KV/wYFPFZAOanvS7qjGSky3braRTgSFt2D6xkaCq07TusFFS+/B49g==, tarball: file:projects/a.tgz}
    name: '@rush-temp/a'
    version: 0.0.0
    dev: false

  file:projects/b.tgz:
    resolution: {integrity: sha512-2ZVdzwuN3pWKaTA7fiW2PvJiFFuTap/Sbh7/FjavGC3a6H3RBxF1I9/C9hNoX8yKRji/WY8qkHSVkJv+dwGiKQ==, tarball: file:projects/b.tgz}
    name: '@rush-temp/b'
    version: 0.0.0
    dev: false
